// !$*UTF8*$!
{
	archiveVersion = 1;
	classes = {
	};
	objectVersion = 46;
	objects = {

/* Begin PBXBuildFile section */
		7A039FA01DD0641B00E04182 /* main.m in Sources */ = {isa = PBXBuildFile; fileRef = 7A039F9F1DD0641B00E04182 /* main.m */; };
		7A039FA31DD0641B00E04182 /* AppDelegate.m in Sources */ = {isa = PBXBuildFile; fileRef = 7A039FA21DD0641B00E04182 /* AppDelegate.m */; };
		7A039FA61DD0641B00E04182 /* ViewController.m in Sources */ = {isa = PBXBuildFile; fileRef = 7A039FA51DD0641B00E04182 /* ViewController.m */; };
		7A039FA91DD0641B00E04182 /* Main.storyboard in Resources */ = {isa = PBXBuildFile; fileRef = 7A039FA71DD0641B00E04182 /* Main.storyboard */; };
		7A039FAB1DD0641B00E04182 /* Assets.xcassets in Resources */ = {isa = PBXBuildFile; fileRef = 7A039FAA1DD0641B00E04182 /* Assets.xcassets */; };
		7A039FAE1DD0641B00E04182 /* LaunchScreen.storyboard in Resources */ = {isa = PBXBuildFile; fileRef = 7A039FAC1DD0641B00E04182 /* LaunchScreen.storyboard */; };
		7A039FB91DD0641B00E04182 /* maqueBetaHDTests.m in Sources */ = {isa = PBXBuildFile; fileRef = 7A039FB81DD0641B00E04182 /* maqueBetaHDTests.m */; };
		7A039FC41DD0641B00E04182 /* maqueBetaHDUITests.m in Sources */ = {isa = PBXBuildFile; fileRef = 7A039FC31DD0641B00E04182 /* maqueBetaHDUITests.m */; };
/* End PBXBuildFile section */

/* Begin PBXContainerItemProxy section */
		7A039FB51DD0641B00E04182 /* PBXContainerItemProxy */ = {
			isa = PBXContainerItemProxy;
			containerPortal = 7A039F931DD0641B00E04182 /* Project object */;
			proxyType = 1;
			remoteGlobalIDString = 7A039F9A1DD0641B00E04182;
			remoteInfo = maqueBetaHD;
		};
		7A039FC01DD0641B00E04182 /* PBXContainerItemProxy */ = {
			isa = PBXContainerItemProxy;
			containerPortal = 7A039F931DD0641B00E04182 /* Project object */;
			proxyType = 1;
			remoteGlobalIDString = 7A039F9A1DD0641B00E04182;
			remoteInfo = maqueBetaHD;
		};
/* End PBXContainerItemProxy section */

/* Begin PBXFileReference section */
		7A039F9B1DD0641B00E04182 /* maqueBetaHD.app */ = {isa = PBXFileReference; explicitFileType = wrapper.application; includeInIndex = 0; path = maqueBetaHD.app; sourceTree = BUILT_PRODUCTS_DIR; };
		7A039F9F1DD0641B00E04182 /* main.m */ = {isa = PBXFileReference; lastKnownFileType = sourcecode.c.objc; path = main.m; sourceTree = "<group>"; };
		7A039FA11DD0641B00E04182 /* AppDelegate.h */ = {isa = PBXFileReference; lastKnownFileType = sourcecode.c.h; path = AppDelegate.h; sourceTree = "<group>"; };
		7A039FA21DD0641B00E04182 /* AppDelegate.m */ = {isa = PBXFileReference; lastKnownFileType = sourcecode.c.objc; path = AppDelegate.m; sourceTree = "<group>"; };
		7A039FA41DD0641B00E04182 /* ViewController.h */ = {isa = PBXFileReference; lastKnownFileType = sourcecode.c.h; path = ViewController.h; sourceTree = "<group>"; };
		7A039FA51DD0641B00E04182 /* ViewController.m */ = {isa = PBXFileReference; lastKnownFileType = sourcecode.c.objc; path = ViewController.m; sourceTree = "<group>"; };
		7A039FA81DD0641B00E04182 /* Base */ = {isa = PBXFileReference; lastKnownFileType = file.storyboard; name = Base; path = Base.lproj/Main.storyboard; sourceTree = "<group>"; };
		7A039FAA1DD0641B00E04182 /* Assets.xcassets */ = {isa = PBXFileReference; lastKnownFileType = folder.assetcatalog; path = Assets.xcassets; sourceTree = "<group>"; };
		7A039FAD1DD0641B00E04182 /* Base */ = {isa = PBXFileReference; lastKnownFileType = file.storyboard; name = Base; path = Base.lproj/LaunchScreen.storyboard; sourceTree = "<group>"; };
		7A039FAF1DD0641B00E04182 /* Info.plist */ = {isa = PBXFileReference; lastKnownFileType = text.plist.xml; path = Info.plist; sourceTree = "<group>"; };
		7A039FB41DD0641B00E04182 /* maqueBetaHDTests.xctest */ = {isa = PBXFileReference; explicitFileType = wrapper.cfbundle; includeInIndex = 0; path = maqueBetaHDTests.xctest; sourceTree = BUILT_PRODUCTS_DIR; };
		7A039FB81DD0641B00E04182 /* maqueBetaHDTests.m */ = {isa = PBXFileReference; lastKnownFileType = sourcecode.c.objc; path = maqueBetaHDTests.m; sourceTree = "<group>"; };
		7A039FBA1DD0641B00E04182 /* Info.plist */ = {isa = PBXFileReference; lastKnownFileType = text.plist.xml; path = Info.plist; sourceTree = "<group>"; };
		7A039FBF1DD0641B00E04182 /* maqueBetaHDUITests.xctest */ = {isa = PBXFileReference; explicitFileType = wrapper.cfbundle; includeInIndex = 0; path = maqueBetaHDUITests.xctest; sourceTree = BUILT_PRODUCTS_DIR; };
		7A039FC31DD0641B00E04182 /* maqueBetaHDUITests.m */ = {isa = PBXFileReference; lastKnownFileType = sourcecode.c.objc; path = maqueBetaHDUITests.m; sourceTree = "<group>"; };
		7A039FC51DD0641B00E04182 /* Info.plist */ = {isa = PBXFileReference; lastKnownFileType = text.plist.xml; path = Info.plist; sourceTree = "<group>"; };
/* End PBXFileReference section */

/* Begin PBXFrameworksBuildPhase section */
		7A039F981DD0641B00E04182 /* Frameworks */ = {
			isa = PBXFrameworksBuildPhase;
			buildActionMask = 2147483647;
			files = (
			);
			runOnlyForDeploymentPostprocessing = 0;
		};
		7A039FB11DD0641B00E04182 /* Frameworks */ = {
			isa = PBXFrameworksBuildPhase;
			buildActionMask = 2147483647;
			files = (
			);
			runOnlyForDeploymentPostprocessing = 0;
		};
		7A039FBC1DD0641B00E04182 /* Frameworks */ = {
			isa = PBXFrameworksBuildPhase;
			buildActionMask = 2147483647;
			files = (
			);
			runOnlyForDeploymentPostprocessing = 0;
		};
/* End PBXFrameworksBuildPhase section */

/* Begin PBXGroup section */
		7A039F921DD0641B00E04182 = {
			isa = PBXGroup;
			children = (
				7A039F9D1DD0641B00E04182 /* maqueBetaHD */,
				7A039FB71DD0641B00E04182 /* maqueBetaHDTests */,
				7A039FC21DD0641B00E04182 /* maqueBetaHDUITests */,
				7A039F9C1DD0641B00E04182 /* Products */,
			);
			sourceTree = "<group>";
		};
		7A039F9C1DD0641B00E04182 /* Products */ = {
			isa = PBXGroup;
			children = (
				7A039F9B1DD0641B00E04182 /* maqueBetaHD.app */,
				7A039FB41DD0641B00E04182 /* maqueBetaHDTests.xctest */,
				7A039FBF1DD0641B00E04182 /* maqueBetaHDUITests.xctest */,
			);
			name = Products;
			sourceTree = "<group>";
		};
		7A039F9D1DD0641B00E04182 /* maqueBetaHD */ = {
			isa = PBXGroup;
			children = (
				7A039FA11DD0641B00E04182 /* AppDelegate.h */,
				7A039FA21DD0641B00E04182 /* AppDelegate.m */,
				7A039FA41DD0641B00E04182 /* ViewController.h */,
				7A039FA51DD0641B00E04182 /* ViewController.m */,
				7A039FA71DD0641B00E04182 /* Main.storyboard */,
				7A039FAA1DD0641B00E04182 /* Assets.xcassets */,
				7A039FAC1DD0641B00E04182 /* LaunchScreen.storyboard */,
				7A039FAF1DD0641B00E04182 /* Info.plist */,
				7A039F9E1DD0641B00E04182 /* Supporting Files */,
			);
			path = maqueBetaHD;
			sourceTree = "<group>";
		};
		7A039F9E1DD0641B00E04182 /* Supporting Files */ = {
			isa = PBXGroup;
			children = (
				7A039F9F1DD0641B00E04182 /* main.m */,
			);
			name = "Supporting Files";
			sourceTree = "<group>";
		};
		7A039FB71DD0641B00E04182 /* maqueBetaHDTests */ = {
			isa = PBXGroup;
			children = (
				7A039FB81DD0641B00E04182 /* maqueBetaHDTests.m */,
				7A039FBA1DD0641B00E04182 /* Info.plist */,
			);
			path = maqueBetaHDTests;
			sourceTree = "<group>";
		};
		7A039FC21DD0641B00E04182 /* maqueBetaHDUITests */ = {
			isa = PBXGroup;
			children = (
				7A039FC31DD0641B00E04182 /* maqueBetaHDUITests.m */,
				7A039FC51DD0641B00E04182 /* Info.plist */,
			);
			path = maqueBetaHDUITests;
			sourceTree = "<group>";
		};
/* End PBXGroup section */

/* Begin PBXNativeTarget section */
		7A039F9A1DD0641B00E04182 /* maqueBetaHD */ = {
			isa = PBXNativeTarget;
			buildConfigurationList = 7A039FC81DD0641B00E04182 /* Build configuration list for PBXNativeTarget "maqueBetaHD" */;
			buildPhases = (
				7A039F971DD0641B00E04182 /* Sources */,
				7A039F981DD0641B00E04182 /* Frameworks */,
				7A039F991DD0641B00E04182 /* Resources */,
			);
			buildRules = (
			);
			dependencies = (
			);
			name = maqueBetaHD;
			productName = maqueBetaHD;
			productReference = 7A039F9B1DD0641B00E04182 /* maqueBetaHD.app */;
			productType = "com.apple.product-type.application";
		};
		7A039FB31DD0641B00E04182 /* maqueBetaHDTests */ = {
			isa = PBXNativeTarget;
			buildConfigurationList = 7A039FCB1DD0641B00E04182 /* Build configuration list for PBXNativeTarget "maqueBetaHDTests" */;
			buildPhases = (
				7A039FB01DD0641B00E04182 /* Sources */,
				7A039FB11DD0641B00E04182 /* Frameworks */,
				7A039FB21DD0641B00E04182 /* Resources */,
			);
			buildRules = (
			);
			dependencies = (
				7A039FB61DD0641B00E04182 /* PBXTargetDependency */,
			);
			name = maqueBetaHDTests;
			productName = maqueBetaHDTests;
			productReference = 7A039FB41DD0641B00E04182 /* maqueBetaHDTests.xctest */;
			productType = "com.apple.product-type.bundle.unit-test";
		};
		7A039FBE1DD0641B00E04182 /* maqueBetaHDUITests */ = {
			isa = PBXNativeTarget;
			buildConfigurationList = 7A039FCE1DD0641B00E04182 /* Build configuration list for PBXNativeTarget "maqueBetaHDUITests" */;
			buildPhases = (
				7A039FBB1DD0641B00E04182 /* Sources */,
				7A039FBC1DD0641B00E04182 /* Frameworks */,
				7A039FBD1DD0641B00E04182 /* Resources */,
			);
			buildRules = (
			);
			dependencies = (
				7A039FC11DD0641B00E04182 /* PBXTargetDependency */,
			);
			name = maqueBetaHDUITests;
			productName = maqueBetaHDUITests;
			productReference = 7A039FBF1DD0641B00E04182 /* maqueBetaHDUITests.xctest */;
			productType = "com.apple.product-type.bundle.ui-testing";
		};
/* End PBXNativeTarget section */

/* Begin PBXProject section */
		7A039F931DD0641B00E04182 /* Project object */ = {
			isa = PBXProject;
			attributes = {
				LastUpgradeCheck = 0800;
				ORGANIZATIONNAME = fred;
				TargetAttributes = {
					7A039F9A1DD0641B00E04182 = {
						CreatedOnToolsVersion = 8.0;
						DevelopmentTeam = 2U43YUHX3N;
						ProvisioningStyle = Automatic;
					};
					7A039FB31DD0641B00E04182 = {
						CreatedOnToolsVersion = 8.0;
						DevelopmentTeam = 2U43YUHX3N;
						ProvisioningStyle = Automatic;
						TestTargetID = 7A039F9A1DD0641B00E04182;
					};
					7A039FBE1DD0641B00E04182 = {
						CreatedOnToolsVersion = 8.0;
						DevelopmentTeam = 2U43YUHX3N;
						ProvisioningStyle = Automatic;
						TestTargetID = 7A039F9A1DD0641B00E04182;
					};
				};
			};
			buildConfigurationList = 7A039F961DD0641B00E04182 /* Build configuration list for PBXProject "maqueBetaHD" */;
			compatibilityVersion = "Xcode 3.2";
			developmentRegion = English;
			hasScannedForEncodings = 0;
			knownRegions = (
				en,
				Base,
			);
			mainGroup = 7A039F921DD0641B00E04182;
			productRefGroup = 7A039F9C1DD0641B00E04182 /* Products */;
			projectDirPath = "";
			projectRoot = "";
			targets = (
				7A039F9A1DD0641B00E04182 /* maqueBetaHD */,
				7A039FB31DD0641B00E04182 /* maqueBetaHDTests */,
				7A039FBE1DD0641B00E04182 /* maqueBetaHDUITests */,
			);
		};
/* End PBXProject section */

/* Begin PBXResourcesBuildPhase section */
		7A039F991DD0641B00E04182 /* Resources */ = {
			isa = PBXResourcesBuildPhase;
			buildActionMask = 2147483647;
			files = (
				7A039FAE1DD0641B00E04182 /* LaunchScreen.storyboard in Resources */,
				7A039FAB1DD0641B00E04182 /* Assets.xcassets in Resources */,
				7A039FA91DD0641B00E04182 /* Main.storyboard in Resources */,
			);
			runOnlyForDeploymentPostprocessing = 0;
		};
		7A039FB21DD0641B00E04182 /* Resources */ = {
			isa = PBXResourcesBuildPhase;
			buildActionMask = 2147483647;
			files = (
			);
			runOnlyForDeploymentPostprocessing = 0;
		};
		7A039FBD1DD0641B00E04182 /* Resources */ = {
			isa = PBXResourcesBuildPhase;
			buildActionMask = 2147483647;
			files = (
			);
			runOnlyForDeploymentPostprocessing = 0;
		};
/* End PBXResourcesBuildPhase section */

/* Begin PBXSourcesBuildPhase section */
		7A039F971DD0641B00E04182 /* Sources */ = {
			isa = PBXSourcesBuildPhase;
			buildActionMask = 2147483647;
			files = (
				7A039FA61DD0641B00E04182 /* ViewController.m in Sources */,
				7A039FA31DD0641B00E04182 /* AppDelegate.m in Sources */,
				7A039FA01DD0641B00E04182 /* main.m in Sources */,
			);
			runOnlyForDeploymentPostprocessing = 0;
		};
		7A039FB01DD0641B00E04182 /* Sources */ = {
			isa = PBXSourcesBuildPhase;
			buildActionMask = 2147483647;
			files = (
				7A039FB91DD0641B00E04182 /* maqueBetaHDTests.m in Sources */,
			);
			runOnlyForDeploymentPostprocessing = 0;
		};
		7A039FBB1DD0641B00E04182 /* Sources */ = {
			isa = PBXSourcesBuildPhase;
			buildActionMask = 2147483647;
			files = (
				7A039FC41DD0641B00E04182 /* maqueBetaHDUITests.m in Sources */,
			);
			runOnlyForDeploymentPostprocessing = 0;
		};
/* End PBXSourcesBuildPhase section */

/* Begin PBXTargetDependency section */
		7A039FB61DD0641B00E04182 /* PBXTargetDependency */ = {
			isa = PBXTargetDependency;
			target = 7A039F9A1DD0641B00E04182 /* maqueBetaHD */;
			targetProxy = 7A039FB51DD0641B00E04182 /* PBXContainerItemProxy */;
		};
		7A039FC11DD0641B00E04182 /* PBXTargetDependency */ = {
			isa = PBXTargetDependency;
			target = 7A039F9A1DD0641B00E04182 /* maqueBetaHD */;
			targetProxy = 7A039FC01DD0641B00E04182 /* PBXContainerItemProxy */;
		};
/* End PBXTargetDependency section */

/* Begin PBXVariantGroup section */
		7A039FA71DD0641B00E04182 /* Main.storyboard */ = {
			isa = PBXVariantGroup;
			children = (
				7A039FA81DD0641B00E04182 /* Base */,
			);
			name = Main.storyboard;
			sourceTree = "<group>";
		};
		7A039FAC1DD0641B00E04182 /* LaunchScreen.storyboard */ = {
			isa = PBXVariantGroup;
			children = (
				7A039FAD1DD0641B00E04182 /* Base */,
			);
			name = LaunchScreen.storyboard;
			sourceTree = "<group>";
		};
/* End PBXVariantGroup section */

/* Begin XCBuildConfiguration section */
		7A039FC61DD0641B00E04182 /* Debug */ = {
			isa = XCBuildConfiguration;
			buildSettings = {
				ALWAYS_SEARCH_USER_PATHS = NO;
				CLANG_ANALYZER_NONNULL = YES;
				CLANG_CXX_LANGUAGE_STANDARD = "gnu++0x";
				CLANG_CXX_LIBRARY = "libc++";
				CLANG_ENABLE_MODULES = YES;
				CLANG_ENABLE_OBJC_ARC = YES;
				CLANG_WARN_BOOL_CONVERSION = YES;
				CLANG_WARN_CONSTANT_CONVERSION = YES;
				CLANG_WARN_DIRECT_OBJC_ISA_USAGE = YES_ERROR;
				CLANG_WARN_DOCUMENTATION_COMMENTS = YES;
				CLANG_WARN_EMPTY_BODY = YES;
				CLANG_WARN_ENUM_CONVERSION = YES;
				CLANG_WARN_INFINITE_RECURSION = YES;
				CLANG_WARN_INT_CONVERSION = YES;
				CLANG_WARN_OBJC_ROOT_CLASS = YES_ERROR;
				CLANG_WARN_SUSPICIOUS_MOVES = YES;
				CLANG_WARN_UNREACHABLE_CODE = YES;
				CLANG_WARN__DUPLICATE_METHOD_MATCH = YES;
				"CODE_SIGN_IDENTITY[sdk=iphoneos*]" = "iPhone Developer";
				COPY_PHASE_STRIP = NO;
				DEBUG_INFORMATION_FORMAT = dwarf;
				ENABLE_STRICT_OBJC_MSGSEND = YES;
				ENABLE_TESTABILITY = YES;
				GCC_C_LANGUAGE_STANDARD = gnu99;
				GCC_DYNAMIC_NO_PIC = NO;
				GCC_NO_COMMON_BLOCKS = YES;
				GCC_OPTIMIZATION_LEVEL = 0;
				GCC_PREPROCESSOR_DEFINITIONS = (
					"DEBUG=1",
					"$(inherited)",
				);
				GCC_WARN_64_TO_32_BIT_CONVERSION = YES;
				GCC_WARN_ABOUT_RETURN_TYPE = YES_ERROR;
				GCC_WARN_UNDECLARED_SELECTOR = YES;
				GCC_WARN_UNINITIALIZED_AUTOS = YES_AGGRESSIVE;
				GCC_WARN_UNUSED_FUNCTION = YES;
				GCC_WARN_UNUSED_VARIABLE = YES;
				IPHONEOS_DEPLOYMENT_TARGET = 10.0;
				MTL_ENABLE_DEBUG_INFO = YES;
				ONLY_ACTIVE_ARCH = YES;
				SDKROOT = iphoneos;
				TARGETED_DEVICE_FAMILY = 2;
			};
			name = Debug;
		};
		7A039FC71DD0641B00E04182 /* Release */ = {
			isa = XCBuildConfiguration;
			buildSettings = {
				ALWAYS_SEARCH_USER_PATHS = NO;
				CLANG_ANALYZER_NONNULL = YES;
				CLANG_CXX_LANGUAGE_STANDARD = "gnu++0x";
				CLANG_CXX_LIBRARY = "libc++";
				CLANG_ENABLE_MODULES = YES;
				CLANG_ENABLE_OBJC_ARC = YES;
				CLANG_WARN_BOOL_CONVERSION = YES;
				CLANG_WARN_CONSTANT_CONVERSION = YES;
				CLANG_WARN_DIRECT_OBJC_ISA_USAGE = YES_ERROR;
				CLANG_WARN_DOCUMENTATION_COMMENTS = YES;
				CLANG_WARN_EMPTY_BODY = YES;
				CLANG_WARN_ENUM_CONVERSION = YES;
				CLANG_WARN_INFINITE_RECURSION = YES;
				CLANG_WARN_INT_CONVERSION = YES;
				CLANG_WARN_OBJC_ROOT_CLASS = YES_ERROR;
				CLANG_WARN_SUSPICIOUS_MOVES = YES;
				CLANG_WARN_UNREACHABLE_CODE = YES;
				CLANG_WARN__DUPLICATE_METHOD_MATCH = YES;
				"CODE_SIGN_IDENTITY[sdk=iphoneos*]" = "iPhone Developer";
				COPY_PHASE_STRIP = NO;
				DEBUG_INFORMATION_FORMAT = "dwarf-with-dsym";
				ENABLE_NS_ASSERTIONS = NO;
				ENABLE_STRICT_OBJC_MSGSEND = YES;
				GCC_C_LANGUAGE_STANDARD = gnu99;
				GCC_NO_COMMON_BLOCKS = YES;
				GCC_WARN_64_TO_32_BIT_CONVERSION = YES;
				GCC_WARN_ABOUT_RETURN_TYPE = YES_ERROR;
				GCC_WARN_UNDECLARED_SELECTOR = YES;
				GCC_WARN_UNINITIALIZED_AUTOS = YES_AGGRESSIVE;
				GCC_WARN_UNUSED_FUNCTION = YES;
				GCC_WARN_UNUSED_VARIABLE = YES;
				IPHONEOS_DEPLOYMENT_TARGET = 10.0;
				MTL_ENABLE_DEBUG_INFO = NO;
				SDKROOT = iphoneos;
				TARGETED_DEVICE_FAMILY = 2;
				VALIDATE_PRODUCT = YES;
			};
			name = Release;
		};
		7A039FC91DD0641B00E04182 /* Debug */ = {
			isa = XCBuildConfiguration;
			buildSettings = {
				ASSETCATALOG_COMPILER_APPICON_NAME = AppIcon;
				DEVELOPMENT_TEAM = 2U43YUHX3N;
				INFOPLIST_FILE = maqueBetaHD/Info.plist;
				LD_RUNPATH_SEARCH_PATHS = "$(inherited) @executable_path/Frameworks";
				PRODUCT_BUNDLE_IDENTIFIER = fred.maqueBetaHD;
				PRODUCT_NAME = "$(TARGET_NAME)";
			};
			name = Debug;
		};
		7A039FCA1DD0641B00E04182 /* Release */ = {
			isa = XCBuildConfiguration;
			buildSettings = {
				ASSETCATALOG_COMPILER_APPICON_NAME = AppIcon;
				DEVELOPMENT_TEAM = 2U43YUHX3N;
				INFOPLIST_FILE = maqueBetaHD/Info.plist;
				LD_RUNPATH_SEARCH_PATHS = "$(inherited) @executable_path/Frameworks";
				PRODUCT_BUNDLE_IDENTIFIER = fred.maqueBetaHD;
				PRODUCT_NAME = "$(TARGET_NAME)";
			};
			name = Release;
		};
		7A039FCC1DD0641B00E04182 /* Debug */ = {
			isa = XCBuildConfiguration;
			buildSettings = {
				BUNDLE_LOADER = "$(TEST_HOST)";
				DEVELOPMENT_TEAM = 2U43YUHX3N;
				INFOPLIST_FILE = maqueBetaHDTests/Info.plist;
				LD_RUNPATH_SEARCH_PATHS = "$(inherited) @executable_path/Frameworks @loader_path/Frameworks";
				PRODUCT_BUNDLE_IDENTIFIER = fred.maqueBetaHDTests;
				PRODUCT_NAME = "$(TARGET_NAME)";
				TEST_HOST = "$(BUILT_PRODUCTS_DIR)/maqueBetaHD.app/maqueBetaHD";
			};
			name = Debug;
		};
		7A039FCD1DD0641B00E04182 /* Release */ = {
			isa = XCBuildConfiguration;
			buildSettings = {
				BUNDLE_LOADER = "$(TEST_HOST)";
				DEVELOPMENT_TEAM = 2U43YUHX3N;
				INFOPLIST_FILE = maqueBetaHDTests/Info.plist;
				LD_RUNPATH_SEARCH_PATHS = "$(inherited) @executable_path/Frameworks @loader_path/Frameworks";
				PRODUCT_BUNDLE_IDENTIFIER = fred.maqueBetaHDTests;
				PRODUCT_NAME = "$(TARGET_NAME)";
				TEST_HOST = "$(BUILT_PRODUCTS_DIR)/maqueBetaHD.app/maqueBetaHD";
			};
			name = Release;
		};
		7A039FCF1DD0641B00E04182 /* Debug */ = {
			isa = XCBuildConfiguration;
			buildSettings = {
				DEVELOPMENT_TEAM = 2U43YUHX3N;
				INFOPLIST_FILE = maqueBetaHDUITests/Info.plist;
				LD_RUNPATH_SEARCH_PATHS = "$(inherited) @executable_path/Frameworks @loader_path/Frameworks";
				PRODUCT_BUNDLE_IDENTIFIER = fred.maqueBetaHDUITests;
				PRODUCT_NAME = "$(TARGET_NAME)";
				TEST_TARGET_NAME = maqueBetaHD;
			};
			name = Debug;
		};
		7A039FD01DD0641B00E04182 /* Release */ = {
			isa = XCBuildConfiguration;
			buildSettings = {
				DEVELOPMENT_TEAM = 2U43YUHX3N;
				INFOPLIST_FILE = maqueBetaHDUITests/Info.plist;
				LD_RUNPATH_SEARCH_PATHS = "$(inherited) @executable_path/Frameworks @loader_path/Frameworks";
				PRODUCT_BUNDLE_IDENTIFIER = fred.maqueBetaHDUITests;
				PRODUCT_NAME = "$(TARGET_NAME)";
				TEST_TARGET_NAME = maqueBetaHD;
			};
			name = Release;
		};
/* End XCBuildConfiguration section */

/* Begin XCConfigurationList section */
		7A039F961DD0641B00E04182 /* Build configuration list for PBXProject "maqueBetaHD" */ = {
			isa = XCConfigurationList;
			buildConfigurations = (
				7A039FC61DD0641B00E04182 /* Debug */,
				7A039FC71DD0641B00E04182 /* Release */,
			);
			defaultConfigurationIsVisible = 0;
			defaultConfigurationName = Release;
		};
		7A039FC81DD0641B00E04182 /* Build configuration list for PBXNativeTarget "maqueBetaHD" */ = {
			isa = XCConfigurationList;
			buildConfigurations = (
				7A039FC91DD0641B00E04182 /* Debug */,
				7A039FCA1DD0641B00E04182 /* Release */,
			);
			defaultConfigurationIsVisible = 0;
		};
		7A039FCB1DD0641B00E04182 /* Build configuration list for PBXNativeTarget "maqueBetaHDTests" */ = {
			isa = XCConfigurationList;
			buildConfigurations = (
				7A039FCC1DD0641B00E04182 /* Debug */,
				7A039FCD1DD0641B00E04182 /* Release */,
			);
			defaultConfigurationIsVisible = 0;
		};
		7A039FCE1DD0641B00E04182 /* Build configuration list for PBXNativeTarget "maqueBetaHDUITests" */ = {
			isa = XCConfigurationList;
			buildConfigurations = (
				7A039FCF1DD0641B00E04182 /* Debug */,
				7A039FD01DD0641B00E04182 /* Release */,
			);
			defaultConfigurationIsVisible = 0;
		};
/* End XCConfigurationList section */
	};
	rootObject = 7A039F931DD0641B00E04182 /* Project object */;
}
